
Microsoft Visual Studio Solution File, Format Version 12.00
# Visual Studio Version 17
VisualStudioVersion = 17.4.33110.190
MinimumVisualStudioVersion = 10.0.40219.1
Project("{FAE04EC0-301F-11D3-BF4B-00C04F79EFBC}") = "ApiRev", "ApiRev\ApiRev.csproj", "{373893BC-D159-4BD9-BA3B-68EEEBB94270}"
EndProject
Global
	GlobalSection(SolutionConfigurationPlatforms) = preSolution
		Debug|Any CPU = Debug|Any CPU
		Release|Any CPU = Release|Any CPU
	EndGlobalSection
	GlobalSection(ProjectConfigurationPlatforms) = postSolution
		{373893BC-D159-4BD9-BA3B-68EEEBB94270}.Debug|Any CPU.ActiveCfg = Debug|Any CPU
		{373893BC-D159-4BD9-BA3B-68EEEBB94270}.Debug|Any CPU.Build.0 = Debug|Any CPU
		{373893BC-D159-4BD9-BA3B-68EEEBB94270}.Release|Any CPU.ActiveCfg = Release|Any CPU
		{373893BC-D159-4BD9-BA3B-68EEEBB94270}.Release|Any CPU.Build.0 = Release|Any CPU
	EndGlobalSection
	GlobalSection(SolutionProperties) = preSolution
		HideSolutionNode = FALSE
	EndGlobalSection
	GlobalSection(ExtensibilityGlobals) = postSolution
		SolutionGuid = {510643CB-CA2C-47CC-80AC-B0AEDDFF19A3}
	EndGlobalSection
EndGlobal
